hash: fd91d6c643b765773335ac86a8b27ecab9fb941a7839333d9b41ce5a4cc31863
updated: 2017-09-20T18:35:20.064490123-06:00
imports:
- name: github.com/onsi/ginkgo
  version: 9eda700730cba42af70d53180f9dcce9266bc2bc
- name: github.com/onsi/gomega
  version: c893efa28eb45626cdaa76c9f653b62488858837
- name: github.com/spf13/cobra
  version: 7b1b6e8dc027253d45fc029bc269d1c019f83a34
  subpackages:
  - cobra
- name: gopkg.in/yaml.v2
  version: cd8b52f8269e0feb286dfeef29f8fe4d5b397e0b
testImports: []
